
Microsoft Visual Studio Solution File, Format Version 12.00
# Visual Studio 15
VisualStudioVersion = 15.0.28307.852
MinimumVisualStudioVersion = 10.0.40219.1
Project("{FAE04EC0-301F-11D3-BF4B-00C04F79EFBC}") = "25.10tund_massiivid", "25.10tund_massiivid\25.10tund_massiivid.csproj", "{AF0BA9F8-0F0A-4694-84A2-9574CCAAC5BE}"
EndProject
Global
	GlobalSection(SolutionConfigurationPlatforms) = preSolution
		Debug|Any CPU = Debug|Any CPU
		Release|Any CPU = Release|Any CPU
	EndGlobalSection
	GlobalSection(ProjectConfigurationPlatforms) = postSolution
		{AF0BA9F8-0F0A-4694-84A2-9574CCAAC5BE}.Debug|Any CPU.ActiveCfg = Debug|Any CPU
		{AF0BA9F8-0F0A-4694-84A2-9574CCAAC5BE}.Debug|Any CPU.Build.0 = Debug|Any CPU
		{AF0BA9F8-0F0A-4694-84A2-9574CCAAC5BE}.Release|Any CPU.ActiveCfg = Release|Any CPU
		{AF0BA9F8-0F0A-4694-84A2-9574CCAAC5BE}.Release|Any CPU.Build.0 = Release|Any CPU
	EndGlobalSection
	GlobalSection(SolutionProperties) = preSolution
		HideSolutionNode = FALSE
	EndGlobalSection
	GlobalSection(ExtensibilityGlobals) = postSolution
		SolutionGuid = {C242A7A7-BDCF-412A-9F2D-C6C70C83F15C}
	EndGlobalSection
EndGlobal
